Microsoft Visual Studio Solution File, Format Version 12.00
# Visual Studio Version 17
VisualStudioVersion = 17.5.2.0
MinimumVisualStudioVersion = 10.0.40219.1
Project("{FAE04EC0-301F-11D3-BF4B-00C04F79EFBC}") = "02_var", "02_var\02_var.csproj", "{130794BC-B11C-FD5C-E056-BB006DC7B060}"
EndProject
Project("{2150E333-8FDC-42A3-9474-1A3956D46DE8}") = "00_install_en_project", "00_install_en_project", "{6944D8AF-770A-63FE-2505-3DE4A58A3974}"
EndProject
Project("{2150E333-8FDC-42A3-9474-1A3956D46DE8}") = "02_var (1)", "02_var (1)", "{A5920D0C-EF49-2EEF-D1EF-3356D52AED46}"
EndProject
Project("{FAE04EC0-301F-11D3-BF4B-00C04F79EFBC}") = "codeplace", "00_install_en_project\codeplace\codeplace.csproj", "{E9269544-6B29-A46F-A940-378285BC99E0}"
EndProject
Project("{FAE04EC0-301F-11D3-BF4B-00C04F79EFBC}") = "consoleproject", "00_install_en_project\consoleproject\consoleproject.csproj", "{2DE70454-28D4-B0C1-93DA-9D22C1FAFE01}"
EndProject
Project("{FAE04EC0-301F-11D3-BF4B-00C04F79EFBC}") = "variableopdracht1", "02_var\variableopdracht1\variableopdracht1.csproj", "{6081802F-A039-E5C5-0C54-58D5CE6E6891}"
EndProject
Global
	GlobalSection(SolutionConfigurationPlatforms) = preSolution
		Debug|Any CPU = Debug|Any CPU
		Release|Any CPU = Release|Any CPU
	EndGlobalSection
	GlobalSection(ProjectConfigurationPlatforms) = postSolution
		{130794BC-B11C-FD5C-E056-BB006DC7B060}.Debug|Any CPU.ActiveCfg = Debug|Any CPU
		{130794BC-B11C-FD5C-E056-BB006DC7B060}.Debug|Any CPU.Build.0 = Debug|Any CPU
		{130794BC-B11C-FD5C-E056-BB006DC7B060}.Release|Any CPU.ActiveCfg = Release|Any CPU
		{130794BC-B11C-FD5C-E056-BB006DC7B060}.Release|Any CPU.Build.0 = Release|Any CPU
		{E9269544-6B29-A46F-A940-378285BC99E0}.Debug|Any CPU.ActiveCfg = Debug|Any CPU
		{E9269544-6B29-A46F-A940-378285BC99E0}.Debug|Any CPU.Build.0 = Debug|Any CPU
		{E9269544-6B29-A46F-A940-378285BC99E0}.Release|Any CPU.ActiveCfg = Release|Any CPU
		{E9269544-6B29-A46F-A940-378285BC99E0}.Release|Any CPU.Build.0 = Release|Any CPU
		{2DE70454-28D4-B0C1-93DA-9D22C1FAFE01}.Debug|Any CPU.ActiveCfg = Debug|Any CPU
		{2DE70454-28D4-B0C1-93DA-9D22C1FAFE01}.Debug|Any CPU.Build.0 = Debug|Any CPU
		{2DE70454-28D4-B0C1-93DA-9D22C1FAFE01}.Release|Any CPU.ActiveCfg = Release|Any CPU
		{2DE70454-28D4-B0C1-93DA-9D22C1FAFE01}.Release|Any CPU.Build.0 = Release|Any CPU
		{6081802F-A039-E5C5-0C54-58D5CE6E6891}.Debug|Any CPU.ActiveCfg = Debug|Any CPU
		{6081802F-A039-E5C5-0C54-58D5CE6E6891}.Debug|Any CPU.Build.0 = Debug|Any CPU
		{6081802F-A039-E5C5-0C54-58D5CE6E6891}.Release|Any CPU.ActiveCfg = Release|Any CPU
		{6081802F-A039-E5C5-0C54-58D5CE6E6891}.Release|Any CPU.Build.0 = Release|Any CPU
	EndGlobalSection
	GlobalSection(SolutionProperties) = preSolution
		HideSolutionNode = FALSE
	EndGlobalSection
	GlobalSection(NestedProjects) = preSolution
		{E9269544-6B29-A46F-A940-378285BC99E0} = {6944D8AF-770A-63FE-2505-3DE4A58A3974}
		{2DE70454-28D4-B0C1-93DA-9D22C1FAFE01} = {6944D8AF-770A-63FE-2505-3DE4A58A3974}
		{6081802F-A039-E5C5-0C54-58D5CE6E6891} = {A5920D0C-EF49-2EEF-D1EF-3356D52AED46}
	EndGlobalSection
	GlobalSection(ExtensibilityGlobals) = postSolution
		SolutionGuid = {ED04DD9E-131B-4316-BDA6-772DE4B9A514}
	EndGlobalSection
EndGlobal
